
Microsoft Visual Studio Solution File, Format Version 12.00
# Visual Studio Version 17
VisualStudioVersion = 17.4.33213.308
MinimumVisualStudioVersion = 10.0.40219.1
Project("{9A19103F-16F7-4668-BE54-9A1E7A4F7556}") = "AzureQueueStorageClientTestService", "AzureQueueStorageClientTestService\AzureQueueStorageClientTestService.csproj", "{5F5C3DC9-B558-4100-9192-1D2992A0C102}"
EndProject
Project("{9A19103F-16F7-4668-BE54-9A1E7A4F7556}") = "Microsoft.Azure.CoreWCF.StorageQueues.Client", "src\Microsoft.Azure.CoreWCF.StorageQueues.Client.csproj", "{A1D767FF-348C-49E1-B923-D3C2285C7207}"
EndProject
Global
	GlobalSection(SolutionConfigurationPlatforms) = preSolution
		Debug|Any CPU = Debug|Any CPU
		Release|Any CPU = Release|Any CPU
	EndGlobalSection
	GlobalSection(ProjectConfigurationPlatforms) = postSolution
		{5F5C3DC9-B558-4100-9192-1D2992A0C102}.Debug|Any CPU.ActiveCfg = Debug|Any CPU
		{5F5C3DC9-B558-4100-9192-1D2992A0C102}.Debug|Any CPU.Build.0 = Debug|Any CPU
		{5F5C3DC9-B558-4100-9192-1D2992A0C102}.Release|Any CPU.ActiveCfg = Release|Any CPU
		{5F5C3DC9-B558-4100-9192-1D2992A0C102}.Release|Any CPU.Build.0 = Release|Any CPU
		{A1D767FF-348C-49E1-B923-D3C2285C7207}.Debug|Any CPU.ActiveCfg = Debug|Any CPU
		{A1D767FF-348C-49E1-B923-D3C2285C7207}.Debug|Any CPU.Build.0 = Debug|Any CPU
		{A1D767FF-348C-49E1-B923-D3C2285C7207}.Release|Any CPU.ActiveCfg = Release|Any CPU
		{A1D767FF-348C-49E1-B923-D3C2285C7207}.Release|Any CPU.Build.0 = Release|Any CPU
	EndGlobalSection
	GlobalSection(SolutionProperties) = preSolution
		HideSolutionNode = FALSE
	EndGlobalSection
	GlobalSection(ExtensibilityGlobals) = postSolution
		SolutionGuid = {EA67F21F-72F8-497C-8E72-DC97CBB48223}
	EndGlobalSection
EndGlobal
